
Microsoft Visual Studio Solution File, Format Version 12.00
# Visual Studio Version 16
VisualStudioVersion = 16.0.29613.14
MinimumVisualStudioVersion = 10.0.40219.1
Project("{F184B08F-C81C-45F6-A57F-5ABD9991F28F}") = "InternetCafe", "InternetCafe\InternetCafe.vbproj", "{3937E13B-2283-440F-B99A-13C1C1D2F3D6}"
EndProject
Global
	GlobalSection(SolutionConfigurationPlatforms) = preSolution
		Debug|Any CPU = Debug|Any CPU
		Release|Any CPU = Release|Any CPU
	EndGlobalSection
	GlobalSection(ProjectConfigurationPlatforms) = postSolution
		{3937E13B-2283-440F-B99A-13C1C1D2F3D6}.Debug|Any CPU.ActiveCfg = Debug|Any CPU
		{3937E13B-2283-440F-B99A-13C1C1D2F3D6}.Debug|Any CPU.Build.0 = Debug|Any CPU
		{3937E13B-2283-440F-B99A-13C1C1D2F3D6}.Release|Any CPU.ActiveCfg = Release|Any CPU
		{3937E13B-2283-440F-B99A-13C1C1D2F3D6}.Release|Any CPU.Build.0 = Release|Any CPU
	EndGlobalSection
	GlobalSection(SolutionProperties) = preSolution
		HideSolutionNode = FALSE
	EndGlobalSection
	GlobalSection(ExtensibilityGlobals) = postSolution
		SolutionGuid = {EE74616C-5638-4452-B86C-311690930F34}
	EndGlobalSection
EndGlobal
